
Microsoft Visual Studio Solution File, Format Version 12.00
# Visual Studio 15
VisualStudioVersion = 15.0.28307.489
MinimumVisualStudioVersion = 10.0.40219.1
Project("{FAE04EC0-301F-11D3-BF4B-00C04F79EFBC}") = "FileScanner", "FileScanner\FileScanner.csproj", "{7EC8C66B-F66D-4CD1-ADC3-E84FF3B58F66}"
EndProject
Project("{FAE04EC0-301F-11D3-BF4B-00C04F79EFBC}") = "FileScanner.Tests", "FileScanner.Tests\FileScanner.Tests.csproj", "{732B0847-1E90-49AE-80A6-1DEDB57FF94E}"
EndProject
Global
	GlobalSection(SolutionConfigurationPlatforms) = preSolution
		Debug|Any CPU = Debug|Any CPU
		Release|Any CPU = Release|Any CPU
	EndGlobalSection
	GlobalSection(ProjectConfigurationPlatforms) = postSolution
		{7EC8C66B-F66D-4CD1-ADC3-E84FF3B58F66}.Debug|Any CPU.ActiveCfg = Debug|Any CPU
		{7EC8C66B-F66D-4CD1-ADC3-E84FF3B58F66}.Debug|Any CPU.Build.0 = Debug|Any CPU
		{7EC8C66B-F66D-4CD1-ADC3-E84FF3B58F66}.Release|Any CPU.ActiveCfg = Release|Any CPU
		{7EC8C66B-F66D-4CD1-ADC3-E84FF3B58F66}.Release|Any CPU.Build.0 = Release|Any CPU
		{732B0847-1E90-49AE-80A6-1DEDB57FF94E}.Debug|Any CPU.ActiveCfg = Debug|Any CPU
		{732B0847-1E90-49AE-80A6-1DEDB57FF94E}.Debug|Any CPU.Build.0 = Debug|Any CPU
		{732B0847-1E90-49AE-80A6-1DEDB57FF94E}.Release|Any CPU.ActiveCfg = Release|Any CPU
		{732B0847-1E90-49AE-80A6-1DEDB57FF94E}.Release|Any CPU.Build.0 = Release|Any CPU
	EndGlobalSection
	GlobalSection(SolutionProperties) = preSolution
		HideSolutionNode = FALSE
	EndGlobalSection
	GlobalSection(ExtensibilityGlobals) = postSolution
		SolutionGuid = {A0AC2214-1FF9-4CD5-94FD-29989484E953}
	EndGlobalSection
EndGlobal
